
Microsoft Visual Studio Solution File, Format Version 12.00
# Visual Studio 2013
VisualStudioVersion = 12.0.21005.1
MinimumVisualStudioVersion = 10.0.40219.1
Project("{FAE04EC0-301F-11D3-BF4B-00C04F79EFBC}") = "ComputerShop_v1.0", "ComputerShop_v1.0\ComputerShop_v1.0.csproj", "{A356F1EB-8C5F-4AFE-AA91-BA64AE4F9D8B}"
EndProject
Global
	GlobalSection(SolutionConfigurationPlatforms) = preSolution
		Debug|Any CPU = Debug|Any CPU
		Release|Any CPU = Release|Any CPU
	EndGlobalSection
	GlobalSection(ProjectConfigurationPlatforms) = postSolution
		{A356F1EB-8C5F-4AFE-AA91-BA64AE4F9D8B}.Debug|Any CPU.ActiveCfg = Debug|Any CPU
		{A356F1EB-8C5F-4AFE-AA91-BA64AE4F9D8B}.Debug|Any CPU.Build.0 = Debug|Any CPU
		{A356F1EB-8C5F-4AFE-AA91-BA64AE4F9D8B}.Release|Any CPU.ActiveCfg = Release|Any CPU
		{A356F1EB-8C5F-4AFE-AA91-BA64AE4F9D8B}.Release|Any CPU.Build.0 = Release|Any CPU
	EndGlobalSection
	GlobalSection(SolutionProperties) = preSolution
		HideSolutionNode = FALSE
	EndGlobalSection
EndGlobal
